
Microsoft Visual Studio Solution File, Format Version 12.00
# Visual Studio 15
VisualStudioVersion = 15.0.28010.2050
MinimumVisualStudioVersion = 10.0.40219.1
Project("{FAE04EC0-301F-11D3-BF4B-00C04F79EFBC}") = "Login software", "Login software\Login software.csproj", "{18021851-5648-429F-AC45-C197CA78B94B}"
EndProject
Global
	GlobalSection(SolutionConfigurationPlatforms) = preSolution
		Debug|Any CPU = Debug|Any CPU
		Debug|x86 = Debug|x86
		Release|Any CPU = Release|Any CPU
		Release|x86 = Release|x86
	EndGlobalSection
	GlobalSection(ProjectConfigurationPlatforms) = postSolution
		{18021851-5648-429F-AC45-C197CA78B94B}.Debug|Any CPU.ActiveCfg = Debug|Any CPU
		{18021851-5648-429F-AC45-C197CA78B94B}.Debug|Any CPU.Build.0 = Debug|Any CPU
		{18021851-5648-429F-AC45-C197CA78B94B}.Debug|x86.ActiveCfg = Debug|x86
		{18021851-5648-429F-AC45-C197CA78B94B}.Debug|x86.Build.0 = Debug|x86
		{18021851-5648-429F-AC45-C197CA78B94B}.Release|Any CPU.ActiveCfg = Release|Any CPU
		{18021851-5648-429F-AC45-C197CA78B94B}.Release|Any CPU.Build.0 = Release|Any CPU
		{18021851-5648-429F-AC45-C197CA78B94B}.Release|x86.ActiveCfg = Release|x86
		{18021851-5648-429F-AC45-C197CA78B94B}.Release|x86.Build.0 = Release|x86
	EndGlobalSection
	GlobalSection(SolutionProperties) = preSolution
		HideSolutionNode = FALSE
	EndGlobalSection
	GlobalSection(ExtensibilityGlobals) = postSolution
		SolutionGuid = {1099566C-A749-4B3C-AB08-39FAB9B21CDD}
	EndGlobalSection
EndGlobal
